
Microsoft Visual Studio Solution File, Format Version 12.00
# Visual Studio Version 17
VisualStudioVersion = 17.7.34221.43
MinimumVisualStudioVersion = 10.0.40219.1
Project("{FAE04EC0-301F-11D3-BF4B-00C04F79EFBC}") = "arrays intro", "arrays intro.csproj", "{ECE5E84C-87D5-4E21-A421-A37ED1CD5D61}"
EndProject
Global
	GlobalSection(SolutionConfigurationPlatforms) = preSolution
		Debug|Any CPU = Debug|Any CPU
		Release|Any CPU = Release|Any CPU
	EndGlobalSection
	GlobalSection(ProjectConfigurationPlatforms) = postSolution
		{ECE5E84C-87D5-4E21-A421-A37ED1CD5D61}.Debug|Any CPU.ActiveCfg = Debug|Any CPU
		{ECE5E84C-87D5-4E21-A421-A37ED1CD5D61}.Debug|Any CPU.Build.0 = Debug|Any CPU
		{ECE5E84C-87D5-4E21-A421-A37ED1CD5D61}.Release|Any CPU.ActiveCfg = Release|Any CPU
		{ECE5E84C-87D5-4E21-A421-A37ED1CD5D61}.Release|Any CPU.Build.0 = Release|Any CPU
	EndGlobalSection
	GlobalSection(SolutionProperties) = preSolution
		HideSolutionNode = FALSE
	EndGlobalSection
	GlobalSection(ExtensibilityGlobals) = postSolution
		SolutionGuid = {8A5C7A04-61CA-48D7-BB2D-9C07C56B2DBA}
	EndGlobalSection
EndGlobal
